# This file is generated by running "yarn install" inside your project.
# Manual changes might be lost - proceed with caution!

__metadata:
  version: 4

"backOffice@workspace:packages/backOffice":
  version: 0.0.0-use.local
  resolution: "backOffice@workspace:packages/backOffice"
  languageName: unknown
  linkType: soft

"cms@workspace:packages/cms":
  version: 0.0.0-use.local
  resolution: "cms@workspace:packages/cms"
  languageName: unknown
  linkType: soft

"crossCutting@workspace:packages/crossCutting":
  version: 0.0.0-use.local
  resolution: "crossCutting@workspace:packages/crossCutting"
  languageName: unknown
  linkType: soft

"infrastructure@workspace:packages/infrastructure":
  version: 0.0.0-use.local
  resolution: "infrastructure@workspace:packages/infrastructure"
  languageName: unknown
  linkType: soft

"kantor@workspace:.":
  version: 0.0.0-use.local
  resolution: "kantor@workspace:."
  dependencies:
    typescript: ^3.8.3
  languageName: unknown
  linkType: soft

"lobbby@workspace:packages/lobbby":
  version: 0.0.0-use.local
  resolution: "lobbby@workspace:packages/lobbby"
  languageName: unknown
  linkType: soft

"public_api@workspace:packages/public_api":
  version: 0.0.0-use.local
  resolution: "public_api@workspace:packages/public_api"
  languageName: unknown
  linkType: soft

"registration@workspace:packages/registration":
  version: 0.0.0-use.local
  resolution: "registration@workspace:packages/registration"
  languageName: unknown
  linkType: soft

"secure_api@workspace:packages/secure_api":
  version: 0.0.0-use.local
  resolution: "secure_api@workspace:packages/secure_api"
  languageName: unknown
  linkType: soft

"shop@workspace:packages/shop":
  version: 0.0.0-use.local
  resolution: "shop@workspace:packages/shop"
  languageName: unknown
  linkType: soft

typescript@^3.8.3:
  version: 3.8.3
  resolution: "typescript@npm:3.8.3"
  bin:
    tsc: bin/tsc
    tsserver: bin/tsserver
  checksum: 3/519b11576247fe3570d89a2aa757d8f666aafc0cb9465a6cdd4df09c1dc6bf7285f0c6008d2ac7a55ea26457e767aaab819f58439d80af2cce1d9805b2be1034
  languageName: node
  linkType: hard

"typescript@patch:typescript@^3.8.3#builtin<compat/typescript>":
  version: 3.8.3
  resolution: "typescript@patch:typescript@npm%3A3.8.3#builtin<compat/typescript>::version=3.8.3&hash=0ea415"
  bin:
    tsc: bin/tsc
    tsserver: bin/tsserver
  checksum: 3/7b29bcb0576cc81266c5b4e6f84bb5a760483fa80bcd7d9588b0d3e16063c733552acf686c8541b93be2cf29ec5d8360ec927509b11e4e723f0dc91366b9cb1a
  languageName: node
  linkType: hard

"utills@workspace:packages/utills":
  version: 0.0.0-use.local
  resolution: "utills@workspace:packages/utills"
  languageName: unknown
  linkType: soft
